// !$*UTF8*$!
{
	archiveVersion = 1;
	classes = {
	};
	objectVersion = 77;
	objects = {

/* Begin PBXContainerItemProxy section */
		D27979D22E102C2F0033E70E /* PBXContainerItemProxy */ = {
			isa = PBXContainerItemProxy;
			containerPortal = D27979BB2E102C2E0033E70E /* Project object */;
			proxyType = 1;
			remoteGlobalIDString = D27979C22E102C2E0033E70E;
			remoteInfo = TestEdit;
		};
		D27979DC2E102C2F0033E70E /* PBXContainerItemProxy */ = {
			isa = PBXContainerItemProxy;
			containerPortal = D27979BB2E102C2E0033E70E /* Project object */;
			proxyType = 1;
			remoteGlobalIDString = D27979C22E102C2E0033E70E;
			remoteInfo = TestEdit;
		};
/* End PBXContainerItemProxy section */

/* Begin PBXFileReference section */
		D27979C32E102C2E0033E70E /* TestEdit.app */ = {isa = PBXFileReference; explicitFileType = wrapper.application; includeInIndex = 0; path = TestEdit.app; sourceTree = BUILT_PRODUCTS_DIR; };
		D27979D12E102C2F0033E70E /* TestEditTests.xctest */ = {isa = PBXFileReference; explicitFileType = wrapper.cfbundle; includeInIndex = 0; path = TestEditTests.xctest; sourceTree = BUILT_PRODUCTS_DIR; };
		D27979DB2E102C2F0033E70E /* TestEditUITests.xctest */ = {isa = PBXFileReference; explicitFileType = wrapper.cfbundle; includeInIndex = 0; path = TestEditUITests.xctest; sourceTree = BUILT_PRODUCTS_DIR; };
/* End PBXFileReference section */

/* Begin PBXFileSystemSynchronizedRootGroup section */
		D27979C52E102C2E0033E70E /* TestEdit */ = {
			isa = PBXFileSystemSynchronizedRootGroup;
			path = TestEdit;
			sourceTree = "<group>";
		};
		D27979D42E102C2F0033E70E /* TestEditTests */ = {
			isa = PBXFileSystemSynchronizedRootGroup;
			path = TestEditTests;
			sourceTree = "<group>";
		};
		D27979DE2E102C2F0033E70E /* TestEditUITests */ = {
			isa = PBXFileSystemSynchronizedRootGroup;
			path = TestEditUITests;
			sourceTree = "<group>";
		};
/* End PBXFileSystemSynchronizedRootGroup section */

/* Begin PBXFrameworksBuildPhase section */
		D27979C02E102C2E0033E70E /* Frameworks */ = {
			isa = PBXFrameworksBuildPhase;
			buildActionMask = 2147483647;
			files = (
			);
			runOnlyForDeploymentPostprocessing = 0;
		};
		D27979CE2E102C2F0033E70E /* Frameworks */ = {
			isa = PBXFrameworksBuildPhase;
			buildActionMask = 2147483647;
			files = (
			);
			runOnlyForDeploymentPostprocessing = 0;
		};
		D27979D82E102C2F0033E70E /* Frameworks */ = {
			isa = PBXFrameworksBuildPhase;
			buildActionMask = 2147483647;
			files = (
			);
			runOnlyForDeploymentPostprocessing = 0;
		};
/* End PBXFrameworksBuildPhase section */

/* Begin PBXGroup section */
		D27979BA2E102C2E0033E70E = {
			isa = PBXGroup;
			children = (
				D27979C52E102C2E0033E70E /* TestEdit */,
				D27979D42E102C2F0033E70E /* TestEditTests */,
				D27979DE2E102C2F0033E70E /* TestEditUITests */,
				D27979C42E102C2E0033E70E /* Products */,
			);
			sourceTree = "<group>";
		};
		D27979C42E102C2E0033E70E /* Products */ = {
			isa = PBXGroup;
			children = (
				D27979C32E102C2E0033E70E /* TestEdit.app */,
				D27979D12E102C2F0033E70E /* TestEditTests.xctest */,
				D27979DB2E102C2F0033E70E /* TestEditUITests.xctest */,
			);
			name = Products;
			sourceTree = "<group>";
		};
/* End PBXGroup section */

/* Begin PBXNativeTarget section */
		D27979C22E102C2E0033E70E /* TestEdit */ = {
			isa = PBXNativeTarget;
			buildConfigurationList = D27979E52E102C2F0033E70E /* Build configuration list for PBXNativeTarget "TestEdit" */;
			buildPhases = (
				D27979BF2E102C2E0033E70E /* Sources */,
				D27979C02E102C2E0033E70E /* Frameworks */,
				D27979C12E102C2E0033E70E /* Resources */,
			);
			buildRules = (
			);
			dependencies = (
			);
			fileSystemSynchronizedGroups = (
				D27979C52E102C2E0033E70E /* TestEdit */,
			);
			name = TestEdit;
			packageProductDependencies = (
			);
			productName = TestEdit;
			productReference = D27979C32E102C2E0033E70E /* TestEdit.app */;
			productType = "com.apple.product-type.application";
		};
		D27979D02E102C2F0033E70E /* TestEditTests */ = {
			isa = PBXNativeTarget;
			buildConfigurationList = D27979E82E102C2F0033E70E /* Build configuration list for PBXNativeTarget "TestEditTests" */;
			buildPhases = (
				D27979CD2E102C2F0033E70E /* Sources */,
				D27979CE2E102C2F0033E70E /* Frameworks */,
				D27979CF2E102C2F0033E70E /* Resources */,
			);
			buildRules = (
			);
			dependencies = (
				D27979D32E102C2F0033E70E /* PBXTargetDependency */,
			);
			fileSystemSynchronizedGroups = (
				D27979D42E102C2F0033E70E /* TestEditTests */,
			);
			name = TestEditTests;
			packageProductDependencies = (
			);
			productName = TestEditTests;
			productReference = D27979D12E102C2F0033E70E /* TestEditTests.xctest */;
			productType = "com.apple.product-type.bundle.unit-test";
		};
		D27979DA2E102C2F0033E70E /* TestEditUITests */ = {
			isa = PBXNativeTarget;
			buildConfigurationList = D27979EB2E102C2F0033E70E /* Build configuration list for PBXNativeTarget "TestEditUITests" */;
			buildPhases = (
				D27979D72E102C2F0033E70E /* Sources */,
				D27979D82E102C2F0033E70E /* Frameworks */,
				D27979D92E102C2F0033E70E /* Resources */,
			);
			buildRules = (
			);
			dependencies = (
				D27979DD2E102C2F0033E70E /* PBXTargetDependency */,
			);
			fileSystemSynchronizedGroups = (
				D27979DE2E102C2F0033E70E /* TestEditUITests */,
			);
			name = TestEditUITests;
			packageProductDependencies = (
			);
			productName = TestEditUITests;
			productReference = D27979DB2E102C2F0033E70E /* TestEditUITests.xctest */;
			productType = "com.apple.product-type.bundle.ui-testing";
		};
/* End PBXNativeTarget section */

/* Begin PBXProject section */
		D27979BB2E102C2E0033E70E /* Project object */ = {
			isa = PBXProject;
			attributes = {
				BuildIndependentTargetsInParallel = 1;
				LastSwiftUpdateCheck = 1640;
				LastUpgradeCheck = 1640;
				TargetAttributes = {
					D27979C22E102C2E0033E70E = {
						CreatedOnToolsVersion = 16.4;
					};
					D27979D02E102C2F0033E70E = {
						CreatedOnToolsVersion = 16.4;
						TestTargetID = D27979C22E102C2E0033E70E;
					};
					D27979DA2E102C2F0033E70E = {
						CreatedOnToolsVersion = 16.4;
						TestTargetID = D27979C22E102C2E0033E70E;
					};
				};
			};
			buildConfigurationList = D27979BE2E102C2E0033E70E /* Build configuration list for PBXProject "TestEdit" */;
			developmentRegion = en;
			hasScannedForEncodings = 0;
			knownRegions = (
				en,
				Base,
			);
			mainGroup = D27979BA2E102C2E0033E70E;
			minimizedProjectReferenceProxies = 1;
			preferredProjectObjectVersion = 77;
			productRefGroup = D27979C42E102C2E0033E70E /* Products */;
			projectDirPath = "";
			projectRoot = "";
			targets = (
				D27979C22E102C2E0033E70E /* TestEdit */,
				D27979D02E102C2F0033E70E /* TestEditTests */,
				D27979DA2E102C2F0033E70E /* TestEditUITests */,
			);
		};
/* End PBXProject section */

/* Begin PBXResourcesBuildPhase section */
		D27979C12E102C2E0033E70E /* Resources */ = {
			isa = PBXResourcesBuildPhase;
			buildActionMask = 2147483647;
			files = (
			);
			runOnlyForDeploymentPostprocessing = 0;
		};
		D27979CF2E102C2F0033E70E /* Resources */ = {
			isa = PBXResourcesBuildPhase;
			buildActionMask = 2147483647;
			files = (
			);
			runOnlyForDeploymentPostprocessing = 0;
		};
		D27979D92E102C2F0033E70E /* Resources */ = {
			isa = PBXResourcesBuildPhase;
			buildActionMask = 2147483647;
			files = (
			);
			runOnlyForDeploymentPostprocessing = 0;
		};
/* End PBXResourcesBuildPhase section */

/* Begin PBXSourcesBuildPhase section */
		D27979BF2E102C2E0033E70E /* Sources */ = {
			isa = PBXSourcesBuildPhase;
			buildActionMask = 2147483647;
			files = (
			);
			runOnlyForDeploymentPostprocessing = 0;
		};
		D27979CD2E102C2F0033E70E /* Sources */ = {
			isa = PBXSourcesBuildPhase;
			buildActionMask = 2147483647;
			files = (
			);
			runOnlyForDeploymentPostprocessing = 0;
		};
		D27979D72E102C2F0033E70E /* Sources */ = {
			isa = PBXSourcesBuildPhase;
			buildActionMask = 2147483647;
			files = (
			);
			runOnlyForDeploymentPostprocessing = 0;
		};
/* End PBXSourcesBuildPhase section */

/* Begin PBXTargetDependency section */
		D27979D32E102C2F0033E70E /* PBXTargetDependency */ = {
			isa = PBXTargetDependency;
			target = D27979C22E102C2E0033E70E /* TestEdit */;
			targetProxy = D27979D22E102C2F0033E70E /* PBXContainerItemProxy */;
		};
		D27979DD2E102C2F0033E70E /* PBXTargetDependency */ = {
			isa = PBXTargetDependency;
			target = D27979C22E102C2E0033E70E /* TestEdit */;
			targetProxy = D27979DC2E102C2F0033E70E /* PBXContainerItemProxy */;
		};
/* End PBXTargetDependency section */

/* Begin XCBuildConfiguration section */
		D27979E32E102C2F0033E70E /* Debug */ = {
			isa = XCBuildConfiguration;
			buildSettings = {
				ALWAYS_SEARCH_USER_PATHS = NO;
				ASSETCATALOG_COMPILER_GENERATE_SWIFT_ASSET_SYMBOL_EXTENSIONS = YES;
				CLANG_ANALYZER_NONNULL = YES;
				CLANG_ANALYZER_NUMBER_OBJECT_CONVERSION = YES_AGGRESSIVE;
				CLANG_CXX_LANGUAGE_STANDARD = "gnu++20";
				CLANG_ENABLE_MODULES = YES;
				CLANG_ENABLE_OBJC_ARC = YES;
				CLANG_ENABLE_OBJC_WEAK = YES;
				CLANG_WARN_BLOCK_CAPTURE_AUTORELEASING = YES;
				CLANG_WARN_BOOL_CONVERSION = YES;
				CLANG_WARN_COMMA = YES;
				CLANG_WARN_CONSTANT_CONVERSION = YES;
				CLANG_WARN_DEPRECATED_OBJC_IMPLEMENTATIONS = YES;
				CLANG_WARN_DIRECT_OBJC_ISA_USAGE = YES_ERROR;
				CLANG_WARN_DOCUMENTATION_COMMENTS = YES;
				CLANG_WARN_EMPTY_BODY = YES;
				CLANG_WARN_ENUM_CONVERSION = YES;
				CLANG_WARN_INFINITE_RECURSION = YES;
				CLANG_WARN_INT_CONVERSION = YES;
				CLANG_WARN_NON_LITERAL_NULL_CONVERSION = YES;
				CLANG_WARN_OBJC_IMPLICIT_RETAIN_SELF = YES;
				CLANG_WARN_OBJC_LITERAL_CONVERSION = YES;
				CLANG_WARN_OBJC_ROOT_CLASS = YES_ERROR;
				CLANG_WARN_QUOTED_INCLUDE_IN_FRAMEWORK_HEADER = YES;
				CLANG_WARN_RANGE_LOOP_ANALYSIS = YES;
				CLANG_WARN_STRICT_PROTOTYPES = YES;
				CLANG_WARN_SUSPICIOUS_MOVE = YES;
				CLANG_WARN_UNGUARDED_AVAILABILITY = YES_AGGRESSIVE;
				CLANG_WARN_UNREACHABLE_CODE = YES;
				CLANG_WARN__DUPLICATE_METHOD_MATCH = YES;
				COPY_PHASE_STRIP = NO;
				DEBUG_INFORMATION_FORMAT = dwarf;
				DEVELOPMENT_TEAM = NDW4GUWHD6;
				ENABLE_STRICT_OBJC_MSGSEND = YES;
				ENABLE_TESTABILITY = YES;
				ENABLE_USER_SCRIPT_SANDBOXING = YES;
				GCC_C_LANGUAGE_STANDARD = gnu17;
				GCC_DYNAMIC_NO_PIC = NO;
				GCC_NO_COMMON_BLOCKS = YES;
				GCC_OPTIMIZATION_LEVEL = 0;
				GCC_PREPROCESSOR_DEFINITIONS = (
					"DEBUG=1",
					"$(inherited)",
				);
				GCC_WARN_64_TO_32_BIT_CONVERSION = YES;
				GCC_WARN_ABOUT_RETURN_TYPE = YES_ERROR;
				GCC_WARN_UNDECLARED_SELECTOR = YES;
				GCC_WARN_UNINITIALIZED_AUTOS = YES_AGGRESSIVE;
				GCC_WARN_UNUSED_FUNCTION = YES;
				GCC_WARN_UNUSED_VARIABLE = YES;
				LOCALIZATION_PREFERS_STRING_CATALOGS = YES;
				MACOSX_DEPLOYMENT_TARGET = 15.5;
				MTL_ENABLE_DEBUG_INFO = INCLUDE_SOURCE;
				MTL_FAST_MATH = YES;
				ONLY_ACTIVE_ARCH = YES;
				SDKROOT = macosx;
				SWIFT_ACTIVE_COMPILATION_CONDITIONS = "DEBUG $(inherited)";
				SWIFT_OPTIMIZATION_LEVEL = "-Onone";
			};
			name = Debug;
		};
		D27979E42E102C2F0033E70E /* Release */ = {
			isa = XCBuildConfiguration;
			buildSettings = {
				ALWAYS_SEARCH_USER_PATHS = NO;
				ASSETCATALOG_COMPILER_GENERATE_SWIFT_ASSET_SYMBOL_EXTENSIONS = YES;
				CLANG_ANALYZER_NONNULL = YES;
				CLANG_ANALYZER_NUMBER_OBJECT_CONVERSION = YES_AGGRESSIVE;
				CLANG_CXX_LANGUAGE_STANDARD = "gnu++20";
				CLANG_ENABLE_MODULES = YES;
				CLANG_ENABLE_OBJC_ARC = YES;
				CLANG_ENABLE_OBJC_WEAK = YES;
				CLANG_WARN_BLOCK_CAPTURE_AUTORELEASING = YES;
				CLANG_WARN_BOOL_CONVERSION = YES;
				CLANG_WARN_COMMA = YES;
				CLANG_WARN_CONSTANT_CONVERSION = YES;
				CLANG_WARN_DEPRECATED_OBJC_IMPLEMENTATIONS = YES;
				CLANG_WARN_DIRECT_OBJC_ISA_USAGE = YES_ERROR;
				CLANG_WARN_DOCUMENTATION_COMMENTS = YES;
				CLANG_WARN_EMPTY_BODY = YES;
				CLANG_WARN_ENUM_CONVERSION = YES;
				CLANG_WARN_INFINITE_RECURSION = YES;
				CLANG_WARN_INT_CONVERSION = YES;
				CLANG_WARN_NON_LITERAL_NULL_CONVERSION = YES;
				CLANG_WARN_OBJC_IMPLICIT_RETAIN_SELF = YES;
				CLANG_WARN_OBJC_LITERAL_CONVERSION = YES;
				CLANG_WARN_OBJC_ROOT_CLASS = YES_ERROR;
				CLANG_WARN_QUOTED_INCLUDE_IN_FRAMEWORK_HEADER = YES;
				CLANG_WARN_RANGE_LOOP_ANALYSIS = YES;
				CLANG_WARN_STRICT_PROTOTYPES = YES;
				CLANG_WARN_SUSPICIOUS_MOVE = YES;
				CLANG_WARN_UNGUARDED_AVAILABILITY = YES_AGGRESSIVE;
				CLANG_WARN_UNREACHABLE_CODE = YES;
				CLANG_WARN__DUPLICATE_METHOD_MATCH = YES;
				COPY_PHASE_STRIP = NO;
				DEBUG_INFORMATION_FORMAT = "dwarf-with-dsym";
				DEVELOPMENT_TEAM = NDW4GUWHD6;
				ENABLE_NS_ASSERTIONS = NO;
				ENABLE_STRICT_OBJC_MSGSEND = YES;
				ENABLE_USER_SCRIPT_SANDBOXING = YES;
				GCC_C_LANGUAGE_STANDARD = gnu17;
				GCC_NO_COMMON_BLOCKS = YES;
				GCC_WARN_64_TO_32_BIT_CONVERSION = YES;
				GCC_WARN_ABOUT_RETURN_TYPE = YES_ERROR;
				GCC_WARN_UNDECLARED_SELECTOR = YES;
				GCC_WARN_UNINITIALIZED_AUTOS = YES_AGGRESSIVE;
				GCC_WARN_UNUSED_FUNCTION = YES;
				GCC_WARN_UNUSED_VARIABLE = YES;
				LOCALIZATION_PREFERS_STRING_CATALOGS = YES;
				MACOSX_DEPLOYMENT_TARGET = 15.5;
				MTL_ENABLE_DEBUG_INFO = NO;
				MTL_FAST_MATH = YES;
				SDKROOT = macosx;
				SWIFT_COMPILATION_MODE = wholemodule;
			};
			name = Release;
		};
		D27979E62E102C2F0033E70E /* Debug */ = {
			isa = XCBuildConfiguration;
			buildSettings = {
				ASSETCATALOG_COMPILER_APPICON_NAME = AppIcon;
				ASSETCATALOG_COMPILER_GLOBAL_ACCENT_COLOR_NAME = AccentColor;
				CODE_SIGN_ENTITLEMENTS = TestEdit/TestEdit.entitlements;
				CODE_SIGN_STYLE = Automatic;
				COMBINE_HIDPI_IMAGES = YES;
				CURRENT_PROJECT_VERSION = 1;
				DEVELOPMENT_TEAM = NDW4GUWHD6;
				ENABLE_HARDENED_RUNTIME = YES;
				ENABLE_PREVIEWS = YES;
				GENERATE_INFOPLIST_FILE = YES;
				INFOPLIST_KEY_NSHumanReadableCopyright = "";
				LD_RUNPATH_SEARCH_PATHS = (
					"$(inherited)",
					"@executable_path/../Frameworks",
				);
				MARKETING_VERSION = 1.0;
				PRODUCT_BUNDLE_IDENTIFIER = com.whitesquall.TestEdit;
				PRODUCT_NAME = "$(TARGET_NAME)";
				REGISTER_APP_GROUPS = YES;
				SWIFT_EMIT_LOC_STRINGS = YES;
				SWIFT_VERSION = 5.0;
			};
			name = Debug;
		};
		D27979E72E102C2F0033E70E /* Release */ = {
			isa = XCBuildConfiguration;
			buildSettings = {
				ASSETCATALOG_COMPILER_APPICON_NAME = AppIcon;
				ASSETCATALOG_COMPILER_GLOBAL_ACCENT_COLOR_NAME = AccentColor;
				CODE_SIGN_ENTITLEMENTS = TestEdit/TestEdit.entitlements;
				CODE_SIGN_STYLE = Automatic;
				COMBINE_HIDPI_IMAGES = YES;
				CURRENT_PROJECT_VERSION = 1;
				DEVELOPMENT_TEAM = NDW4GUWHD6;
				ENABLE_HARDENED_RUNTIME = YES;
				ENABLE_PREVIEWS = YES;
				GENERATE_INFOPLIST_FILE = YES;
				INFOPLIST_KEY_NSHumanReadableCopyright = "";
				LD_RUNPATH_SEARCH_PATHS = (
					"$(inherited)",
					"@executable_path/../Frameworks",
				);
				MARKETING_VERSION = 1.0;
				PRODUCT_BUNDLE_IDENTIFIER = com.whitesquall.TestEdit;
				PRODUCT_NAME = "$(TARGET_NAME)";
				REGISTER_APP_GROUPS = YES;
				SWIFT_EMIT_LOC_STRINGS = YES;
				SWIFT_VERSION = 5.0;
			};
			name = Release;
		};
		D27979E92E102C2F0033E70E /* Debug */ = {
			isa = XCBuildConfiguration;
			buildSettings = {
				BUNDLE_LOADER = "$(TEST_HOST)";
				CODE_SIGN_STYLE = Automatic;
				CURRENT_PROJECT_VERSION = 1;
				DEVELOPMENT_TEAM = NDW4GUWHD6;
				GENERATE_INFOPLIST_FILE = YES;
				MACOSX_DEPLOYMENT_TARGET = 15.5;
				MARKETING_VERSION = 1.0;
				PRODUCT_BUNDLE_IDENTIFIER = com.whitesquall.TestEditTests;
				PRODUCT_NAME = "$(TARGET_NAME)";
				SWIFT_EMIT_LOC_STRINGS = NO;
				SWIFT_VERSION = 5.0;
				TEST_HOST = "$(BUILT_PRODUCTS_DIR)/TestEdit.app/$(BUNDLE_EXECUTABLE_FOLDER_PATH)/TestEdit";
			};
			name = Debug;
		};
		D27979EA2E102C2F0033E70E /* Release */ = {
			isa = XCBuildConfiguration;
			buildSettings = {
				BUNDLE_LOADER = "$(TEST_HOST)";
				CODE_SIGN_STYLE = Automatic;
				CURRENT_PROJECT_VERSION = 1;
				DEVELOPMENT_TEAM = NDW4GUWHD6;
				GENERATE_INFOPLIST_FILE = YES;
				MACOSX_DEPLOYMENT_TARGET = 15.5;
				MARKETING_VERSION = 1.0;
				PRODUCT_BUNDLE_IDENTIFIER = com.whitesquall.TestEditTests;
				PRODUCT_NAME = "$(TARGET_NAME)";
				SWIFT_EMIT_LOC_STRINGS = NO;
				SWIFT_VERSION = 5.0;
				TEST_HOST = "$(BUILT_PRODUCTS_DIR)/TestEdit.app/$(BUNDLE_EXECUTABLE_FOLDER_PATH)/TestEdit";
			};
			name = Release;
		};
		D27979EC2E102C2F0033E70E /* Debug */ = {
			isa = XCBuildConfiguration;
			buildSettings = {
				CODE_SIGN_STYLE = Automatic;
				CURRENT_PROJECT_VERSION = 1;
				DEVELOPMENT_TEAM = NDW4GUWHD6;
				GENERATE_INFOPLIST_FILE = YES;
				MARKETING_VERSION = 1.0;
				PRODUCT_BUNDLE_IDENTIFIER = com.whitesquall.TestEditUITests;
				PRODUCT_NAME = "$(TARGET_NAME)";
				SWIFT_EMIT_LOC_STRINGS = NO;
				SWIFT_VERSION = 5.0;
				TEST_TARGET_NAME = TestEdit;
			};
			name = Debug;
		};
		D27979ED2E102C2F0033E70E /* Release */ = {
			isa = XCBuildConfiguration;
			buildSettings = {
				CODE_SIGN_STYLE = Automatic;
				CURRENT_PROJECT_VERSION = 1;
				DEVELOPMENT_TEAM = NDW4GUWHD6;
				GENERATE_INFOPLIST_FILE = YES;
				MARKETING_VERSION = 1.0;
				PRODUCT_BUNDLE_IDENTIFIER = com.whitesquall.TestEditUITests;
				PRODUCT_NAME = "$(TARGET_NAME)";
				SWIFT_EMIT_LOC_STRINGS = NO;
				SWIFT_VERSION = 5.0;
				TEST_TARGET_NAME = TestEdit;
			};
			name = Release;
		};
/* End XCBuildConfiguration section */

/* Begin XCConfigurationList section */
		D27979BE2E102C2E0033E70E /* Build configuration list for PBXProject "TestEdit" */ = {
			isa = XCConfigurationList;
			buildConfigurations = (
				D27979E32E102C2F0033E70E /* Debug */,
				D27979E42E102C2F0033E70E /* Release */,
			);
			defaultConfigurationIsVisible = 0;
			defaultConfigurationName = Release;
		};
		D27979E52E102C2F0033E70E /* Build configuration list for PBXNativeTarget "TestEdit" */ = {
			isa = XCConfigurationList;
			buildConfigurations = (
				D27979E62E102C2F0033E70E /* Debug */,
				D27979E72E102C2F0033E70E /* Release */,
			);
			defaultConfigurationIsVisible = 0;
			defaultConfigurationName = Release;
		};
		D27979E82E102C2F0033E70E /* Build configuration list for PBXNativeTarget "TestEditTests" */ = {
			isa = XCConfigurationList;
			buildConfigurations = (
				D27979E92E102C2F0033E70E /* Debug */,
				D27979EA2E102C2F0033E70E /* Release */,
			);
			defaultConfigurationIsVisible = 0;
			defaultConfigurationName = Release;
		};
		D27979EB2E102C2F0033E70E /* Build configuration list for PBXNativeTarget "TestEditUITests" */ = {
			isa = XCConfigurationList;
			buildConfigurations = (
				D27979EC2E102C2F0033E70E /* Debug */,
				D27979ED2E102C2F0033E70E /* Release */,
			);
			defaultConfigurationIsVisible = 0;
			defaultConfigurationName = Release;
		};
/* End XCConfigurationList section */
	};
	rootObject = D27979BB2E102C2E0033E70E /* Project object */;
}
